
Microsoft Visual Studio Solution File, Format Version 12.00
# Visual Studio Version 17
VisualStudioVersion = 17.1.32328.378
MinimumVisualStudioVersion = 10.0.40219.1
Project("{9A19103F-16F7-4668-BE54-9A1E7A4F7556}") = "DialogFramework.Abstractions", "src\DialogFramework.Abstractions\DialogFramework.Abstractions.csproj", "{F3D6A62A-D77F-4063-9F8D-D70F1C4264E1}"
	ProjectSection(ProjectDependencies) = postProject
		{DBCEA97F-BE1E-4152-8BD5-910CA28466F8} = {DBCEA97F-BE1E-4152-8BD5-910CA28466F8}
	EndProjectSection
EndProject
Project("{9A19103F-16F7-4668-BE54-9A1E7A4F7556}") = "DialogFramework.Domain", "src\DialogFramework.Domain\DialogFramework.Domain.csproj", "{D37F5A3B-976D-4FF3-B18D-A719AF29CF91}"
EndProject
Project("{9A19103F-16F7-4668-BE54-9A1E7A4F7556}") = "DialogFramework.Domain.Tests", "src\DialogFramework.Domain.Tests\DialogFramework.Domain.Tests.csproj", "{1CECF992-6EF9-43CB-9792-3F310A67BCD0}"
EndProject
Project("{2150E333-8FDC-42A3-9474-1A3956D46DE8}") = "Solution Items", "Solution Items", "{E0B20E9B-055B-4D2A-B04A-3156ECB19017}"
	ProjectSection(SolutionItems) = preProject
		.editorconfig = .editorconfig
		ExampleContext.json = ExampleContext.json
		ExampleDialog.json = ExampleDialog.json
		README.md = README.md
		TestFlow.png = TestFlow.png
		TestFlow.svg = TestFlow.svg
		TestFlow.txt = TestFlow.txt
	EndProjectSection
EndProject
Project("{9A19103F-16F7-4668-BE54-9A1E7A4F7556}") = "DialogFramework", "src\DialogFramework\DialogFramework.csproj", "{50E0D748-4834-4044-B84D-0A221FA68D79}"
EndProject
Project("{9A19103F-16F7-4668-BE54-9A1E7A4F7556}") = "DialogFramework.Tests", "src\DialogFramework.Tests\DialogFramework.Tests.csproj", "{272DABF5-0303-4FDC-A8AC-68806E23C04B}"
EndProject
Project("{9A19103F-16F7-4668-BE54-9A1E7A4F7556}") = "DialogFramework.Abstractions.Tests", "src\DialogFramework.Abstractions.Tests\DialogFramework.Abstractions.Tests.csproj", "{AFF43AC4-FC3C-4242-A9C6-6E658228BFA0}"
EndProject
Project("{9A19103F-16F7-4668-BE54-9A1E7A4F7556}") = "CodeGeneration", "src\CodeGeneration\CodeGeneration.csproj", "{DBCEA97F-BE1E-4152-8BD5-910CA28466F8}"
EndProject
Global
	GlobalSection(SolutionConfigurationPlatforms) = preSolution
		Debug|Any CPU = Debug|Any CPU
		Release|Any CPU = Release|Any CPU
	EndGlobalSection
	GlobalSection(ProjectConfigurationPlatforms) = postSolution
		{F3D6A62A-D77F-4063-9F8D-D70F1C4264E1}.Debug|Any CPU.ActiveCfg = Debug|Any CPU
		{F3D6A62A-D77F-4063-9F8D-D70F1C4264E1}.Debug|Any CPU.Build.0 = Debug|Any CPU
		{F3D6A62A-D77F-4063-9F8D-D70F1C4264E1}.Release|Any CPU.ActiveCfg = Release|Any CPU
		{F3D6A62A-D77F-4063-9F8D-D70F1C4264E1}.Release|Any CPU.Build.0 = Release|Any CPU
		{D37F5A3B-976D-4FF3-B18D-A719AF29CF91}.Debug|Any CPU.ActiveCfg = Debug|Any CPU
		{D37F5A3B-976D-4FF3-B18D-A719AF29CF91}.Debug|Any CPU.Build.0 = Debug|Any CPU
		{D37F5A3B-976D-4FF3-B18D-A719AF29CF91}.Release|Any CPU.ActiveCfg = Release|Any CPU
		{D37F5A3B-976D-4FF3-B18D-A719AF29CF91}.Release|Any CPU.Build.0 = Release|Any CPU
		{1CECF992-6EF9-43CB-9792-3F310A67BCD0}.Debug|Any CPU.ActiveCfg = Debug|Any CPU
		{1CECF992-6EF9-43CB-9792-3F310A67BCD0}.Debug|Any CPU.Build.0 = Debug|Any CPU
		{1CECF992-6EF9-43CB-9792-3F310A67BCD0}.Release|Any CPU.ActiveCfg = Release|Any CPU
		{1CECF992-6EF9-43CB-9792-3F310A67BCD0}.Release|Any CPU.Build.0 = Release|Any CPU
		{50E0D748-4834-4044-B84D-0A221FA68D79}.Debug|Any CPU.ActiveCfg = Debug|Any CPU
		{50E0D748-4834-4044-B84D-0A221FA68D79}.Debug|Any CPU.Build.0 = Debug|Any CPU
		{50E0D748-4834-4044-B84D-0A221FA68D79}.Release|Any CPU.ActiveCfg = Release|Any CPU
		{50E0D748-4834-4044-B84D-0A221FA68D79}.Release|Any CPU.Build.0 = Release|Any CPU
		{272DABF5-0303-4FDC-A8AC-68806E23C04B}.Debug|Any CPU.ActiveCfg = Debug|Any CPU
		{272DABF5-0303-4FDC-A8AC-68806E23C04B}.Debug|Any CPU.Build.0 = Debug|Any CPU
		{272DABF5-0303-4FDC-A8AC-68806E23C04B}.Release|Any CPU.ActiveCfg = Release|Any CPU
		{272DABF5-0303-4FDC-A8AC-68806E23C04B}.Release|Any CPU.Build.0 = Release|Any CPU
		{AFF43AC4-FC3C-4242-A9C6-6E658228BFA0}.Debug|Any CPU.ActiveCfg = Debug|Any CPU
		{AFF43AC4-FC3C-4242-A9C6-6E658228BFA0}.Debug|Any CPU.Build.0 = Debug|Any CPU
		{AFF43AC4-FC3C-4242-A9C6-6E658228BFA0}.Release|Any CPU.ActiveCfg = Release|Any CPU
		{AFF43AC4-FC3C-4242-A9C6-6E658228BFA0}.Release|Any CPU.Build.0 = Release|Any CPU
		{DBCEA97F-BE1E-4152-8BD5-910CA28466F8}.Debug|Any CPU.ActiveCfg = Debug|Any CPU
		{DBCEA97F-BE1E-4152-8BD5-910CA28466F8}.Debug|Any CPU.Build.0 = Debug|Any CPU
		{DBCEA97F-BE1E-4152-8BD5-910CA28466F8}.Release|Any CPU.ActiveCfg = Release|Any CPU
		{DBCEA97F-BE1E-4152-8BD5-910CA28466F8}.Release|Any CPU.Build.0 = Release|Any CPU
	EndGlobalSection
	GlobalSection(SolutionProperties) = preSolution
		HideSolutionNode = FALSE
	EndGlobalSection
	GlobalSection(ExtensibilityGlobals) = postSolution
		SolutionGuid = {9C8BDA47-5BA8-4116-850B-266D1F472871}
	EndGlobalSection
EndGlobal
