
Microsoft Visual Studio Solution File, Format Version 12.00
# Visual Studio Version 17
VisualStudioVersion = 17.1.32328.378
MinimumVisualStudioVersion = 10.0.40219.1
Project("{9A19103F-16F7-4668-BE54-9A1E7A4F7556}") = "DialogFramework.Abstractions", "src\DialogFramework.Abstractions\DialogFramework.Abstractions.csproj", "{F3D6A62A-D77F-4063-9F8D-D70F1C4264E1}"
EndProject
Project("{9A19103F-16F7-4668-BE54-9A1E7A4F7556}") = "DialogFramework.Core", "src\DialogFramework.Core\DialogFramework.Core.csproj", "{D37F5A3B-976D-4FF3-B18D-A719AF29CF91}"
EndProject
Project("{9A19103F-16F7-4668-BE54-9A1E7A4F7556}") = "DialogFramework.Core.Tests", "src\DialogFramework.Core.Tests\DialogFramework.Core.Tests.csproj", "{1CECF992-6EF9-43CB-9792-3F310A67BCD0}"
EndProject
Project("{2150E333-8FDC-42A3-9474-1A3956D46DE8}") = "Solution Items", "Solution Items", "{E0B20E9B-055B-4D2A-B04A-3156ECB19017}"
	ProjectSection(SolutionItems) = preProject
		.editorconfig = .editorconfig
		ExampleContext.json = ExampleContext.json
		ExampleDialog.json = ExampleDialog.json
		TestFlow.png = TestFlow.png
		TestFlow.svg = TestFlow.svg
		TestFlow.txt = TestFlow.txt
	EndProjectSection
EndProject
Project("{9A19103F-16F7-4668-BE54-9A1E7A4F7556}") = "DialogFramework", "src\DialogFramework\DialogFramework.csproj", "{50E0D748-4834-4044-B84D-0A221FA68D79}"
EndProject
Project("{9A19103F-16F7-4668-BE54-9A1E7A4F7556}") = "DialogFramework.Tests", "src\DialogFramework.Tests\DialogFramework.Tests.csproj", "{272DABF5-0303-4FDC-A8AC-68806E23C04B}"
EndProject
Project("{9A19103F-16F7-4668-BE54-9A1E7A4F7556}") = "CodeGeneration.Tests", "src\CodeGeneration.Tests\CodeGeneration.Tests.csproj", "{DB1A9198-8E51-4D12-83E6-1DFC7FFFDF43}"
EndProject
Project("{9A19103F-16F7-4668-BE54-9A1E7A4F7556}") = "DialogFramework.UniversalModel", "src\DialogFramework.UniversalModel\DialogFramework.UniversalModel.csproj", "{545D9CB5-E639-41CF-A8A4-D87EA848C5F4}"
EndProject
Project("{9A19103F-16F7-4668-BE54-9A1E7A4F7556}") = "DialogFramework.UniversalModel.Tests", "src\DialogFramework.UniversalModel.Tests\DialogFramework.UniversalModel.Tests.csproj", "{67346C42-1B9F-4DD9-9658-5C4D96E3307A}"
EndProject
Global
	GlobalSection(SolutionConfigurationPlatforms) = preSolution
		Debug|Any CPU = Debug|Any CPU
		Release|Any CPU = Release|Any CPU
	EndGlobalSection
	GlobalSection(ProjectConfigurationPlatforms) = postSolution
		{F3D6A62A-D77F-4063-9F8D-D70F1C4264E1}.Debug|Any CPU.ActiveCfg = Debug|Any CPU
		{F3D6A62A-D77F-4063-9F8D-D70F1C4264E1}.Debug|Any CPU.Build.0 = Debug|Any CPU
		{F3D6A62A-D77F-4063-9F8D-D70F1C4264E1}.Release|Any CPU.ActiveCfg = Release|Any CPU
		{F3D6A62A-D77F-4063-9F8D-D70F1C4264E1}.Release|Any CPU.Build.0 = Release|Any CPU
		{D37F5A3B-976D-4FF3-B18D-A719AF29CF91}.Debug|Any CPU.ActiveCfg = Debug|Any CPU
		{D37F5A3B-976D-4FF3-B18D-A719AF29CF91}.Debug|Any CPU.Build.0 = Debug|Any CPU
		{D37F5A3B-976D-4FF3-B18D-A719AF29CF91}.Release|Any CPU.ActiveCfg = Release|Any CPU
		{D37F5A3B-976D-4FF3-B18D-A719AF29CF91}.Release|Any CPU.Build.0 = Release|Any CPU
		{1CECF992-6EF9-43CB-9792-3F310A67BCD0}.Debug|Any CPU.ActiveCfg = Debug|Any CPU
		{1CECF992-6EF9-43CB-9792-3F310A67BCD0}.Debug|Any CPU.Build.0 = Debug|Any CPU
		{1CECF992-6EF9-43CB-9792-3F310A67BCD0}.Release|Any CPU.ActiveCfg = Release|Any CPU
		{1CECF992-6EF9-43CB-9792-3F310A67BCD0}.Release|Any CPU.Build.0 = Release|Any CPU
		{50E0D748-4834-4044-B84D-0A221FA68D79}.Debug|Any CPU.ActiveCfg = Debug|Any CPU
		{50E0D748-4834-4044-B84D-0A221FA68D79}.Debug|Any CPU.Build.0 = Debug|Any CPU
		{50E0D748-4834-4044-B84D-0A221FA68D79}.Release|Any CPU.ActiveCfg = Release|Any CPU
		{50E0D748-4834-4044-B84D-0A221FA68D79}.Release|Any CPU.Build.0 = Release|Any CPU
		{272DABF5-0303-4FDC-A8AC-68806E23C04B}.Debug|Any CPU.ActiveCfg = Debug|Any CPU
		{272DABF5-0303-4FDC-A8AC-68806E23C04B}.Debug|Any CPU.Build.0 = Debug|Any CPU
		{272DABF5-0303-4FDC-A8AC-68806E23C04B}.Release|Any CPU.ActiveCfg = Release|Any CPU
		{272DABF5-0303-4FDC-A8AC-68806E23C04B}.Release|Any CPU.Build.0 = Release|Any CPU
		{DB1A9198-8E51-4D12-83E6-1DFC7FFFDF43}.Debug|Any CPU.ActiveCfg = Debug|Any CPU
		{DB1A9198-8E51-4D12-83E6-1DFC7FFFDF43}.Debug|Any CPU.Build.0 = Debug|Any CPU
		{DB1A9198-8E51-4D12-83E6-1DFC7FFFDF43}.Release|Any CPU.ActiveCfg = Release|Any CPU
		{DB1A9198-8E51-4D12-83E6-1DFC7FFFDF43}.Release|Any CPU.Build.0 = Release|Any CPU
		{545D9CB5-E639-41CF-A8A4-D87EA848C5F4}.Debug|Any CPU.ActiveCfg = Debug|Any CPU
		{545D9CB5-E639-41CF-A8A4-D87EA848C5F4}.Debug|Any CPU.Build.0 = Debug|Any CPU
		{545D9CB5-E639-41CF-A8A4-D87EA848C5F4}.Release|Any CPU.ActiveCfg = Release|Any CPU
		{545D9CB5-E639-41CF-A8A4-D87EA848C5F4}.Release|Any CPU.Build.0 = Release|Any CPU
		{67346C42-1B9F-4DD9-9658-5C4D96E3307A}.Debug|Any CPU.ActiveCfg = Debug|Any CPU
		{67346C42-1B9F-4DD9-9658-5C4D96E3307A}.Debug|Any CPU.Build.0 = Debug|Any CPU
		{67346C42-1B9F-4DD9-9658-5C4D96E3307A}.Release|Any CPU.ActiveCfg = Release|Any CPU
		{67346C42-1B9F-4DD9-9658-5C4D96E3307A}.Release|Any CPU.Build.0 = Release|Any CPU
	EndGlobalSection
	GlobalSection(SolutionProperties) = preSolution
		HideSolutionNode = FALSE
	EndGlobalSection
	GlobalSection(ExtensibilityGlobals) = postSolution
		SolutionGuid = {9C8BDA47-5BA8-4116-850B-266D1F472871}
	EndGlobalSection
EndGlobal
