
Microsoft Visual Studio Solution File, Format Version 12.00
# Visual Studio Version 17
VisualStudioVersion = 17.1.32328.378
MinimumVisualStudioVersion = 10.0.40219.1
Project("{9A19103F-16F7-4668-BE54-9A1E7A4F7556}") = "DialogFramework.Domain", "src\DialogFramework.Domain\DialogFramework.Domain.csproj", "{D37F5A3B-976D-4FF3-B18D-A719AF29CF91}"
EndProject
Project("{9A19103F-16F7-4668-BE54-9A1E7A4F7556}") = "DialogFramework.Domain.Tests", "src\DialogFramework.Domain.Tests\DialogFramework.Domain.Tests.csproj", "{1CECF992-6EF9-43CB-9792-3F310A67BCD0}"
EndProject
Project("{2150E333-8FDC-42A3-9474-1A3956D46DE8}") = "Solution Items", "Solution Items", "{E0B20E9B-055B-4D2A-B04A-3156ECB19017}"
	ProjectSection(SolutionItems) = preProject
		.editorconfig = .editorconfig
		README.md = README.md
		TestFlow.png = TestFlow.png
		TestFlow.svg = TestFlow.svg
		TestFlow.txt = TestFlow.txt
	EndProjectSection
EndProject
Project("{9A19103F-16F7-4668-BE54-9A1E7A4F7556}") = "DialogFramework.CodeGeneration", "src\DialogFramework.CodeGeneration\DialogFramework.CodeGeneration.csproj", "{DBCEA97F-BE1E-4152-8BD5-910CA28466F8}"
EndProject
Project("{9A19103F-16F7-4668-BE54-9A1E7A4F7556}") = "DialogFramework.Application", "src\DialogFramework.Application\DialogFramework.Application.csproj", "{8CC2A534-76E7-4299-97FD-3BA0F58E4C95}"
EndProject
Project("{9A19103F-16F7-4668-BE54-9A1E7A4F7556}") = "DialogFramework.Application.Tests", "src\DialogFramework.Application.Tests\DialogFramework.Application.Tests.csproj", "{55F47A68-C284-4872-9D41-A2FBEA162A50}"
EndProject
Project("{9A19103F-16F7-4668-BE54-9A1E7A4F7556}") = "DialogFramework.Domain.Builders", "src\DialogFramework.Domain.Builders\DialogFramework.Domain.Builders.csproj", "{39AEABCB-20A5-41AB-B233-70935120C655}"
EndProject
Project("{9A19103F-16F7-4668-BE54-9A1E7A4F7556}") = "DialogFramework.Domain.TestData", "src\DialogFramework.Domain.TestData\DialogFramework.Domain.TestData.csproj", "{481029AF-1897-424E-AAB4-93E5FF8F0C98}"
EndProject
Project("{FAE04EC0-301F-11D3-BF4B-00C04F79EFBC}") = "DialogFramework.Domain.Models", "src\DialogFramework.Domain.Models\DialogFramework.Domain.Models.csproj", "{86691D8E-42EE-4C4F-89D1-D88E80B1FA4A}"
EndProject
Global
	GlobalSection(SolutionConfigurationPlatforms) = preSolution
		Debug|Any CPU = Debug|Any CPU
		Release|Any CPU = Release|Any CPU
	EndGlobalSection
	GlobalSection(ProjectConfigurationPlatforms) = postSolution
		{D37F5A3B-976D-4FF3-B18D-A719AF29CF91}.Debug|Any CPU.ActiveCfg = Debug|Any CPU
		{D37F5A3B-976D-4FF3-B18D-A719AF29CF91}.Debug|Any CPU.Build.0 = Debug|Any CPU
		{D37F5A3B-976D-4FF3-B18D-A719AF29CF91}.Release|Any CPU.ActiveCfg = Release|Any CPU
		{D37F5A3B-976D-4FF3-B18D-A719AF29CF91}.Release|Any CPU.Build.0 = Release|Any CPU
		{1CECF992-6EF9-43CB-9792-3F310A67BCD0}.Debug|Any CPU.ActiveCfg = Debug|Any CPU
		{1CECF992-6EF9-43CB-9792-3F310A67BCD0}.Debug|Any CPU.Build.0 = Debug|Any CPU
		{1CECF992-6EF9-43CB-9792-3F310A67BCD0}.Release|Any CPU.ActiveCfg = Release|Any CPU
		{1CECF992-6EF9-43CB-9792-3F310A67BCD0}.Release|Any CPU.Build.0 = Release|Any CPU
		{DBCEA97F-BE1E-4152-8BD5-910CA28466F8}.Debug|Any CPU.ActiveCfg = Debug|Any CPU
		{DBCEA97F-BE1E-4152-8BD5-910CA28466F8}.Debug|Any CPU.Build.0 = Debug|Any CPU
		{DBCEA97F-BE1E-4152-8BD5-910CA28466F8}.Release|Any CPU.ActiveCfg = Release|Any CPU
		{DBCEA97F-BE1E-4152-8BD5-910CA28466F8}.Release|Any CPU.Build.0 = Release|Any CPU
		{8CC2A534-76E7-4299-97FD-3BA0F58E4C95}.Debug|Any CPU.ActiveCfg = Debug|Any CPU
		{8CC2A534-76E7-4299-97FD-3BA0F58E4C95}.Debug|Any CPU.Build.0 = Debug|Any CPU
		{8CC2A534-76E7-4299-97FD-3BA0F58E4C95}.Release|Any CPU.ActiveCfg = Release|Any CPU
		{8CC2A534-76E7-4299-97FD-3BA0F58E4C95}.Release|Any CPU.Build.0 = Release|Any CPU
		{55F47A68-C284-4872-9D41-A2FBEA162A50}.Debug|Any CPU.ActiveCfg = Debug|Any CPU
		{55F47A68-C284-4872-9D41-A2FBEA162A50}.Debug|Any CPU.Build.0 = Debug|Any CPU
		{55F47A68-C284-4872-9D41-A2FBEA162A50}.Release|Any CPU.ActiveCfg = Release|Any CPU
		{55F47A68-C284-4872-9D41-A2FBEA162A50}.Release|Any CPU.Build.0 = Release|Any CPU
		{39AEABCB-20A5-41AB-B233-70935120C655}.Debug|Any CPU.ActiveCfg = Debug|Any CPU
		{39AEABCB-20A5-41AB-B233-70935120C655}.Debug|Any CPU.Build.0 = Debug|Any CPU
		{39AEABCB-20A5-41AB-B233-70935120C655}.Release|Any CPU.ActiveCfg = Release|Any CPU
		{39AEABCB-20A5-41AB-B233-70935120C655}.Release|Any CPU.Build.0 = Release|Any CPU
		{481029AF-1897-424E-AAB4-93E5FF8F0C98}.Debug|Any CPU.ActiveCfg = Debug|Any CPU
		{481029AF-1897-424E-AAB4-93E5FF8F0C98}.Debug|Any CPU.Build.0 = Debug|Any CPU
		{481029AF-1897-424E-AAB4-93E5FF8F0C98}.Release|Any CPU.ActiveCfg = Release|Any CPU
		{481029AF-1897-424E-AAB4-93E5FF8F0C98}.Release|Any CPU.Build.0 = Release|Any CPU
		{86691D8E-42EE-4C4F-89D1-D88E80B1FA4A}.Debug|Any CPU.ActiveCfg = Debug|Any CPU
		{86691D8E-42EE-4C4F-89D1-D88E80B1FA4A}.Debug|Any CPU.Build.0 = Debug|Any CPU
		{86691D8E-42EE-4C4F-89D1-D88E80B1FA4A}.Release|Any CPU.ActiveCfg = Release|Any CPU
		{86691D8E-42EE-4C4F-89D1-D88E80B1FA4A}.Release|Any CPU.Build.0 = Release|Any CPU
	EndGlobalSection
	GlobalSection(SolutionProperties) = preSolution
		HideSolutionNode = FALSE
	EndGlobalSection
	GlobalSection(ExtensibilityGlobals) = postSolution
		SolutionGuid = {9C8BDA47-5BA8-4116-850B-266D1F472871}
	EndGlobalSection
EndGlobal
